
Microsoft Visual Studio Solution File, Format Version 12.00
# Visual Studio Version 16
VisualStudioVersion = 16.0.29020.237
MinimumVisualStudioVersion = 10.0.40219.1
Project("{FAE04EC0-301F-11D3-BF4B-00C04F79EFBC}") = "CSharpTDDTutorial", "CSharpTDDTutorial.csproj", "{E7C562B0-ED62-4931-AB23-96B388331215}"
EndProject
Global
	GlobalSection(SolutionConfigurationPlatforms) = preSolution
		Debug|Any CPU = Debug|Any CPU
		Release|Any CPU = Release|Any CPU
	EndGlobalSection
	GlobalSection(ProjectConfigurationPlatforms) = postSolution
		{E7C562B0-ED62-4931-AB23-96B388331215}.Debug|Any CPU.ActiveCfg = Debug|Any CPU
		{E7C562B0-ED62-4931-AB23-96B388331215}.Debug|Any CPU.Build.0 = Debug|Any CPU
		{E7C562B0-ED62-4931-AB23-96B388331215}.Release|Any CPU.ActiveCfg = Release|Any CPU
		{E7C562B0-ED62-4931-AB23-96B388331215}.Release|Any CPU.Build.0 = Release|Any CPU
	EndGlobalSection
	GlobalSection(SolutionProperties) = preSolution
		HideSolutionNode = FALSE
	EndGlobalSection
	GlobalSection(ExtensibilityGlobals) = postSolution
		SolutionGuid = {8B251634-74B6-4644-AC72-EA14790E5685}
	EndGlobalSection
EndGlobal
